{
  "name": "ionic-desy",
  "version": "0.0.1",
  "lockfileVersion": 2,
  "requires": true,
  "packages": {
    "": {
      "name": "ionic-desy",
      "version": "0.0.1",
      "dependencies": {
        "tslib": "^2.3.0"
      },
      "devDependencies": {
        "@ionic/angular": "^6.1.1"
      },
      "peerDependencies": {
        "@angular/common": "^13.3.0",
        "@angular/core": "^13.3.0"
      }
    },
    "node_modules/@angular/common": {
      "version": "13.3.3",
      "resolved": "https://msibercaja.pkgs.visualstudio.com/_packaging/Iberfabric-npm/npm/registry/@angular/common/-/common-13.3.3.tgz",
      "integrity": "sha1-Ke49Ce+VKUhto7UkpDMkrjM3Kak=",
      "license": "MIT",
      "peer": true,
      "dependencies": {
        "tslib": "^2.3.0"
      },
      "engines": {
        "node": "^12.20.0 || ^14.15.0 || >=16.10.0"
      },
      "peerDependencies": {
        "@angular/core": "13.3.3",
        "rxjs": "^6.5.3 || ^7.4.0"
      }
    },
    "node_modules/@angular/core": {
      "version": "13.3.3",
      "resolved": "https://msibercaja.pkgs.visualstudio.com/_packaging/Iberfabric-npm/npm/registry/@angular/core/-/core-13.3.3.tgz",
      "integrity": "sha1-hwuYnk+DVKKQKYqDpL7DfUdOivY=",
      "license": "MIT",
      "peer": true,
      "dependencies": {
        "tslib": "^2.3.0"
      },
      "engines": {
        "node": "^12.20.0 || ^14.15.0 || >=16.10.0"
      },
      "peerDependencies": {
        "rxjs": "^6.5.3 || ^7.4.0",
        "zone.js": "~0.11.4"
      }
    },
    "node_modules/@angular/forms": {
      "version": "13.3.3",
      "resolved": "https://msibercaja.pkgs.visualstudio.com/_packaging/Iberfabric-npm/npm/registry/@angular/forms/-/forms-13.3.3.tgz",
      "integrity": "sha1-OznnuH5JMKKMOZqYU9w5XFL5WrM=",
      "dev": true,
      "license": "MIT",
      "peer": true,
      "dependencies": {
        "tslib": "^2.3.0"
      },
      "engines": {
        "node": "^12.20.0 || ^14.15.0 || >=16.10.0"
      },
      "peerDependencies": {
        "@angular/common": "13.3.3",
        "@angular/core": "13.3.3",
        "@angular/platform-browser": "13.3.3",
        "rxjs": "^6.5.3 || ^7.4.0"
      }
    },
    "node_modules/@angular/platform-browser": {
      "version": "13.3.3",
      "resolved": "https://msibercaja.pkgs.visualstudio.com/_packaging/Iberfabric-npm/npm/registry/@angular/platform-browser/-/platform-browser-13.3.3.tgz",
      "integrity": "sha1-BGbkg/g49rbI7SS8Bcq6bo+kCeQ=",
      "dev": true,
      "license": "MIT",
      "peer": true,
      "dependencies": {
        "tslib": "^2.3.0"
      },
      "engines": {
        "node": "^12.20.0 || ^14.15.0 || >=16.10.0"
      },
      "peerDependencies": {
        "@angular/animations": "13.3.3",
        "@angular/common": "13.3.3",
        "@angular/core": "13.3.3"
      },
      "peerDependenciesMeta": {
        "@angular/animations": {
          "optional": true
        }
      }
    },
    "node_modules/@angular/router": {
      "version": "13.3.3",
      "resolved": "https://msibercaja.pkgs.visualstudio.com/_packaging/Iberfabric-npm/npm/registry/@angular/router/-/router-13.3.3.tgz",
      "integrity": "sha1-lyWOcWBlhcP1tvqXvv/SJjB73/w=",
      "dev": true,
      "license": "MIT",
      "peer": true,
      "dependencies": {
        "tslib": "^2.3.0"
      },
      "engines": {
        "node": "^12.20.0 || ^14.15.0 || >=16.10.0"
      },
      "peerDependencies": {
        "@angular/common": "13.3.3",
        "@angular/core": "13.3.3",
        "@angular/platform-browser": "13.3.3",
        "rxjs": "^6.5.3 || ^7.4.0"
      }
    },
    "node_modules/@ionic/angular": {
      "version": "6.1.1",
      "resolved": "https://msibercaja.pkgs.visualstudio.com/_packaging/Iberfabric-npm/npm/registry/@ionic/angular/-/angular-6.1.1.tgz",
      "integrity": "sha1-OH0bqcd+jbX0+uHLwRCOGTcZNow=",
      "dev": true,
      "license": "MIT",
      "dependencies": {
        "@ionic/core": "^6.1.1",
        "jsonc-parser": "^3.0.0",
        "tslib": "^2.0.0"
      },
      "peerDependencies": {
        "@angular/core": ">=12.0.0",
        "@angular/forms": ">=12.0.0",
        "@angular/router": ">=12.0.0",
        "rxjs": ">=6.6.0",
        "zone.js": ">=0.11.0"
      }
    },
    "node_modules/@ionic/core": {
      "version": "6.1.1",
      "resolved": "https://msibercaja.pkgs.visualstudio.com/_packaging/Iberfabric-npm/npm/registry/@ionic/core/-/core-6.1.1.tgz",
      "integrity": "sha1-4i4kMJ1ShOtLtI/lkjNVazu5lSI=",
      "dev": true,
      "license": "MIT",
      "dependencies": {
        "@stencil/core": "^2.14.2",
        "ionicons": "^6.0.0",
        "tslib": "^2.1.0"
      }
    },
    "node_modules/@stencil/core": {
      "version": "2.15.1",
      "resolved": "https://msibercaja.pkgs.visualstudio.com/_packaging/Iberfabric-npm/npm/registry/@stencil/core/-/core-2.15.1.tgz",
      "integrity": "sha1-7TCNL0jAhq7GPGPDO5FXAgNrmu4=",
      "dev": true,
      "license": "MIT",
      "bin": {
        "stencil": "bin/stencil"
      },
      "engines": {
        "node": ">=12.10.0",
        "npm": ">=6.0.0"
      }
    },
    "node_modules/ionicons": {
      "version": "6.0.1",
      "resolved": "https://msibercaja.pkgs.visualstudio.com/_packaging/Iberfabric-npm/npm/registry/ionicons/-/ionicons-6.0.1.tgz",
      "integrity": "sha1-59yMnW1s/zPzxkwJW132Rfvt2Rc=",
      "dev": true,
      "license": "MIT",
      "dependencies": {
        "@stencil/core": "~2.12.0"
      }
    },
    "node_modules/ionicons/node_modules/@stencil/core": {
      "version": "2.12.1",
      "resolved": "https://msibercaja.pkgs.visualstudio.com/_packaging/Iberfabric-npm/npm/registry/@stencil/core/-/core-2.12.1.tgz",
      "integrity": "sha1-kjZNPlcze4023Ztwz77Sgzkp8i0=",
      "dev": true,
      "license": "MIT",
      "bin": {
        "stencil": "bin/stencil"
      },
      "engines": {
        "node": ">=12.10.0",
        "npm": ">=6.0.0"
      }
    },
    "node_modules/jsonc-parser": {
      "version": "3.0.0",
      "resolved": "https://msibercaja.pkgs.visualstudio.com/_packaging/Iberfabric-npm/npm/registry/jsonc-parser/-/jsonc-parser-3.0.0.tgz",
      "integrity": "sha1-q914VwHH5+rKip7IzwcMpRp0WiI=",
      "dev": true,
      "license": "MIT"
    },
    "node_modules/rxjs": {
      "version": "7.5.5",
      "resolved": "https://msibercaja.pkgs.visualstudio.com/_packaging/Iberfabric-npm/npm/registry/rxjs/-/rxjs-7.5.5.tgz",
      "integrity": "sha1-LrrYmvD1YPRgrVzEITIZ4ffdTp8=",
      "license": "Apache-2.0",
      "peer": true,
      "dependencies": {
        "tslib": "^2.1.0"
      }
    },
    "node_modules/tslib": {
      "version": "2.3.1",
      "resolved": "https://msibercaja.pkgs.visualstudio.com/_packaging/Iberfabric-npm/npm/registry/tslib/-/tslib-2.3.1.tgz",
      "integrity": "sha1-6KM1rdXOrlGqJh0ypJAVjvBC7wE=",
      "license": "0BSD"
    },
    "node_modules/zone.js": {
      "version": "0.11.5",
      "resolved": "https://msibercaja.pkgs.visualstudio.com/_packaging/Iberfabric-npm/npm/registry/zone.js/-/zone.js-0.11.5.tgz",
      "integrity": "sha1-qwtEnpH62167LbGJ/+G3tgSNyLE=",
      "license": "MIT",
      "peer": true,
      "dependencies": {
        "tslib": "^2.3.0"
      }
    }
  },
  "dependencies": {
    "@angular/common": {
      "version": "13.3.3",
      "resolved": "https://msibercaja.pkgs.visualstudio.com/_packaging/Iberfabric-npm/npm/registry/@angular/common/-/common-13.3.3.tgz",
      "integrity": "sha1-Ke49Ce+VKUhto7UkpDMkrjM3Kak=",
      "peer": true,
      "requires": {
        "tslib": "^2.3.0"
      }
    },
    "@angular/core": {
      "version": "13.3.3",
      "resolved": "https://msibercaja.pkgs.visualstudio.com/_packaging/Iberfabric-npm/npm/registry/@angular/core/-/core-13.3.3.tgz",
      "integrity": "sha1-hwuYnk+DVKKQKYqDpL7DfUdOivY=",
      "peer": true,
      "requires": {
        "tslib": "^2.3.0"
      }
    },
    "@angular/forms": {
      "version": "13.3.3",
      "resolved": "https://msibercaja.pkgs.visualstudio.com/_packaging/Iberfabric-npm/npm/registry/@angular/forms/-/forms-13.3.3.tgz",
      "integrity": "sha1-OznnuH5JMKKMOZqYU9w5XFL5WrM=",
      "dev": true,
      "peer": true,
      "requires": {
        "tslib": "^2.3.0"
      }
    },
    "@angular/platform-browser": {
      "version": "13.3.3",
      "resolved": "https://msibercaja.pkgs.visualstudio.com/_packaging/Iberfabric-npm/npm/registry/@angular/platform-browser/-/platform-browser-13.3.3.tgz",
      "integrity": "sha1-BGbkg/g49rbI7SS8Bcq6bo+kCeQ=",
      "dev": true,
      "peer": true,
      "requires": {
        "tslib": "^2.3.0"
      }
    },
    "@angular/router": {
      "version": "13.3.3",
      "resolved": "https://msibercaja.pkgs.visualstudio.com/_packaging/Iberfabric-npm/npm/registry/@angular/router/-/router-13.3.3.tgz",
      "integrity": "sha1-lyWOcWBlhcP1tvqXvv/SJjB73/w=",
      "dev": true,
      "peer": true,
      "requires": {
        "tslib": "^2.3.0"
      }
    },
    "@ionic/angular": {
      "version": "6.1.1",
      "resolved": "https://msibercaja.pkgs.visualstudio.com/_packaging/Iberfabric-npm/npm/registry/@ionic/angular/-/angular-6.1.1.tgz",
      "integrity": "sha1-OH0bqcd+jbX0+uHLwRCOGTcZNow=",
      "dev": true,
      "requires": {
        "@ionic/core": "^6.1.1",
        "jsonc-parser": "^3.0.0",
        "tslib": "^2.0.0"
      }
    },
    "@ionic/core": {
      "version": "6.1.1",
      "resolved": "https://msibercaja.pkgs.visualstudio.com/_packaging/Iberfabric-npm/npm/registry/@ionic/core/-/core-6.1.1.tgz",
      "integrity": "sha1-4i4kMJ1ShOtLtI/lkjNVazu5lSI=",
      "dev": true,
      "requires": {
        "@stencil/core": "^2.14.2",
        "ionicons": "^6.0.0",
        "tslib": "^2.1.0"
      }
    },
    "@stencil/core": {
      "version": "2.15.1",
      "resolved": "https://msibercaja.pkgs.visualstudio.com/_packaging/Iberfabric-npm/npm/registry/@stencil/core/-/core-2.15.1.tgz",
      "integrity": "sha1-7TCNL0jAhq7GPGPDO5FXAgNrmu4=",
      "dev": true
    },
    "ionicons": {
      "version": "6.0.1",
      "resolved": "https://msibercaja.pkgs.visualstudio.com/_packaging/Iberfabric-npm/npm/registry/ionicons/-/ionicons-6.0.1.tgz",
      "integrity": "sha1-59yMnW1s/zPzxkwJW132Rfvt2Rc=",
      "dev": true,
      "requires": {
        "@stencil/core": "~2.12.0"
      },
      "dependencies": {
        "@stencil/core": {
          "version": "2.12.1",
          "resolved": "https://msibercaja.pkgs.visualstudio.com/_packaging/Iberfabric-npm/npm/registry/@stencil/core/-/core-2.12.1.tgz",
          "integrity": "sha1-kjZNPlcze4023Ztwz77Sgzkp8i0=",
          "dev": true
        }
      }
    },
    "jsonc-parser": {
      "version": "3.0.0",
      "resolved": "https://msibercaja.pkgs.visualstudio.com/_packaging/Iberfabric-npm/npm/registry/jsonc-parser/-/jsonc-parser-3.0.0.tgz",
      "integrity": "sha1-q914VwHH5+rKip7IzwcMpRp0WiI=",
      "dev": true
    },
    "rxjs": {
      "version": "7.5.5",
      "resolved": "https://msibercaja.pkgs.visualstudio.com/_packaging/Iberfabric-npm/npm/registry/rxjs/-/rxjs-7.5.5.tgz",
      "integrity": "sha1-LrrYmvD1YPRgrVzEITIZ4ffdTp8=",
      "peer": true,
      "requires": {
        "tslib": "^2.1.0"
      }
    },
    "tslib": {
      "version": "2.3.1",
      "resolved": "https://msibercaja.pkgs.visualstudio.com/_packaging/Iberfabric-npm/npm/registry/tslib/-/tslib-2.3.1.tgz",
      "integrity": "sha1-6KM1rdXOrlGqJh0ypJAVjvBC7wE="
    },
    "zone.js": {
      "version": "0.11.5",
      "resolved": "https://msibercaja.pkgs.visualstudio.com/_packaging/Iberfabric-npm/npm/registry/zone.js/-/zone.js-0.11.5.tgz",
      "integrity": "sha1-qwtEnpH62167LbGJ/+G3tgSNyLE=",
      "peer": true,
      "requires": {
        "tslib": "^2.3.0"
      }
    }
  }
}
